
Microsoft Visual Studio Solution File, Format Version 12.00
Project("{FAE04EC0-301F-11D3-BF4B-00C04F79EFBC}") = "EEIP.NetStandard", "src\EEIP.NetStandard\EEIP.NetStandard.csproj", "{C785F3E2-D825-4C82-A963-F8D008339F8F}"
EndProject
Global
	GlobalSection(SolutionConfigurationPlatforms) = preSolution
		Debug|Any CPU = Debug|Any CPU
		Release|Any CPU = Release|Any CPU
	EndGlobalSection
	GlobalSection(ProjectConfigurationPlatforms) = postSolution
		{C785F3E2-D825-4C82-A963-F8D008339F8F}.Debug|Any CPU.ActiveCfg = Debug|Any CPU
		{C785F3E2-D825-4C82-A963-F8D008339F8F}.Debug|Any CPU.Build.0 = Debug|Any CPU
		{C785F3E2-D825-4C82-A963-F8D008339F8F}.Release|Any CPU.ActiveCfg = Release|Any CPU
		{C785F3E2-D825-4C82-A963-F8D008339F8F}.Release|Any CPU.Build.0 = Release|Any CPU
	EndGlobalSection
EndGlobal
